
Microsoft Visual Studio Solution File, Format Version 12.00
# Visual Studio Version 17
VisualStudioVersion = 17.8.34316.72
MinimumVisualStudioVersion = 10.0.40219.1
Project("{9A19103F-16F7-4668-BE54-9A1E7A4F7556}") = "DoctorlyAPI", "DoctorlyAPI\DoctorlyAPI.csproj", "{4CE1F082-9324-442E-932E-772303C57FE4}"
EndProject
Project("{2150E333-8FDC-42A3-9474-1A3956D46DE8}") = "SRC", "SRC", "{909C2A06-43D7-4A6F-83D9-4D4532CD892F}"
EndProject
Project("{2150E333-8FDC-42A3-9474-1A3956D46DE8}") = "API", "API", "{23D59846-8E32-4353-9025-58191F190820}"
EndProject
Project("{2150E333-8FDC-42A3-9474-1A3956D46DE8}") = "Services", "Services", "{2CB3E02D-A030-46B7-B8C0-15979B31CF8C}"
EndProject
Project("{2150E333-8FDC-42A3-9474-1A3956D46DE8}") = "UnitTests", "UnitTests", "{46F628A3-12B3-4F79-B66D-00035F53F6F7}"
	ProjectSection(SolutionItems) = preProject
		Doctorly.APITests\TODO.docx = Doctorly.APITests\TODO.docx
	EndProjectSection
EndProject
Project("{FAE04EC0-301F-11D3-BF4B-00C04F79EFBC}") = "Doctorly.APITests", "Doctorly.APITests\Doctorly.APITests.csproj", "{28EEDD46-3112-4877-869D-0B0AE4F731A4}"
EndProject
Project("{FAE04EC0-301F-11D3-BF4B-00C04F79EFBC}") = "Doctorly.DomainTests", "Doctorly.DomainTests\Doctorly.DomainTests.csproj", "{D4D466A3-D96F-40B1-B2FB-683C25748B4C}"
EndProject
Project("{FAE04EC0-301F-11D3-BF4B-00C04F79EFBC}") = "Doctorly.ServicesTests", "Doctorly.ServicesTests\Doctorly.ServicesTests.csproj", "{9D2BBB0D-9B1A-4358-B433-88B0A43F7AB3}"
EndProject
Project("{FAE04EC0-301F-11D3-BF4B-00C04F79EFBC}") = "Doctorly.PersistenceTests", "Doctorly.PersistenceTests\Doctorly.PersistenceTests.csproj", "{A29DD224-783E-4250-A6A0-712AD1FCD2FA}"
EndProject
Project("{9A19103F-16F7-4668-BE54-9A1E7A4F7556}") = "Doctorly.Services", "Doctorly.Services.Main\Doctorly.Services.csproj", "{9CB0F748-DA16-4544-8C09-8DA89DC1BB98}"
EndProject
Project("{2150E333-8FDC-42A3-9474-1A3956D46DE8}") = "Persistence", "Persistence", "{EB540B84-D42A-429A-B488-D61E6CBFEDB5}"
EndProject
Project("{2150E333-8FDC-42A3-9474-1A3956D46DE8}") = "Domain", "Domain", "{1013772D-85C3-4695-9F7A-D4BB8A87DE68}"
EndProject
Project("{9A19103F-16F7-4668-BE54-9A1E7A4F7556}") = "Doctorly.Domain", "Doctorly.Domainn\Doctorly.Domain.csproj", "{1305F44B-4883-47DA-AFE6-A09FDAA0E01B}"
EndProject
Project("{2150E333-8FDC-42A3-9474-1A3956D46DE8}") = "Repository", "Repository", "{246A0A08-DC82-4CD3-8E37-287C99865637}"
EndProject
Project("{9A19103F-16F7-4668-BE54-9A1E7A4F7556}") = "Doctorly.Repository", "Doctorly.Repository\Doctorly.Repository.csproj", "{F987BE7C-A917-4147-B1B4-3DFB3E70EAFF}"
EndProject
Project("{FAE04EC0-301F-11D3-BF4B-00C04F79EFBC}") = "Doctorly.Persistence", "Doctorly.Persistence\Doctorly.Persistence.csproj", "{DA7FA7C0-4C86-44F2-93E9-951A7C142FE2}"
EndProject
Global
	GlobalSection(SolutionConfigurationPlatforms) = preSolution
		Debug|Any CPU = Debug|Any CPU
		Release|Any CPU = Release|Any CPU
	EndGlobalSection
	GlobalSection(ProjectConfigurationPlatforms) = postSolution
		{4CE1F082-9324-442E-932E-772303C57FE4}.Debug|Any CPU.ActiveCfg = Debug|Any CPU
		{4CE1F082-9324-442E-932E-772303C57FE4}.Debug|Any CPU.Build.0 = Debug|Any CPU
		{4CE1F082-9324-442E-932E-772303C57FE4}.Release|Any CPU.ActiveCfg = Release|Any CPU
		{4CE1F082-9324-442E-932E-772303C57FE4}.Release|Any CPU.Build.0 = Release|Any CPU
		{28EEDD46-3112-4877-869D-0B0AE4F731A4}.Debug|Any CPU.ActiveCfg = Debug|Any CPU
		{28EEDD46-3112-4877-869D-0B0AE4F731A4}.Debug|Any CPU.Build.0 = Debug|Any CPU
		{28EEDD46-3112-4877-869D-0B0AE4F731A4}.Release|Any CPU.ActiveCfg = Release|Any CPU
		{28EEDD46-3112-4877-869D-0B0AE4F731A4}.Release|Any CPU.Build.0 = Release|Any CPU
		{D4D466A3-D96F-40B1-B2FB-683C25748B4C}.Debug|Any CPU.ActiveCfg = Debug|Any CPU
		{D4D466A3-D96F-40B1-B2FB-683C25748B4C}.Debug|Any CPU.Build.0 = Debug|Any CPU
		{D4D466A3-D96F-40B1-B2FB-683C25748B4C}.Release|Any CPU.ActiveCfg = Release|Any CPU
		{D4D466A3-D96F-40B1-B2FB-683C25748B4C}.Release|Any CPU.Build.0 = Release|Any CPU
		{9D2BBB0D-9B1A-4358-B433-88B0A43F7AB3}.Debug|Any CPU.ActiveCfg = Debug|Any CPU
		{9D2BBB0D-9B1A-4358-B433-88B0A43F7AB3}.Debug|Any CPU.Build.0 = Debug|Any CPU
		{9D2BBB0D-9B1A-4358-B433-88B0A43F7AB3}.Release|Any CPU.ActiveCfg = Release|Any CPU
		{9D2BBB0D-9B1A-4358-B433-88B0A43F7AB3}.Release|Any CPU.Build.0 = Release|Any CPU
		{A29DD224-783E-4250-A6A0-712AD1FCD2FA}.Debug|Any CPU.ActiveCfg = Debug|Any CPU
		{A29DD224-783E-4250-A6A0-712AD1FCD2FA}.Debug|Any CPU.Build.0 = Debug|Any CPU
		{A29DD224-783E-4250-A6A0-712AD1FCD2FA}.Release|Any CPU.ActiveCfg = Release|Any CPU
		{A29DD224-783E-4250-A6A0-712AD1FCD2FA}.Release|Any CPU.Build.0 = Release|Any CPU
		{9CB0F748-DA16-4544-8C09-8DA89DC1BB98}.Debug|Any CPU.ActiveCfg = Debug|Any CPU
		{9CB0F748-DA16-4544-8C09-8DA89DC1BB98}.Debug|Any CPU.Build.0 = Debug|Any CPU
		{9CB0F748-DA16-4544-8C09-8DA89DC1BB98}.Release|Any CPU.ActiveCfg = Release|Any CPU
		{9CB0F748-DA16-4544-8C09-8DA89DC1BB98}.Release|Any CPU.Build.0 = Release|Any CPU
		{1305F44B-4883-47DA-AFE6-A09FDAA0E01B}.Debug|Any CPU.ActiveCfg = Debug|Any CPU
		{1305F44B-4883-47DA-AFE6-A09FDAA0E01B}.Debug|Any CPU.Build.0 = Debug|Any CPU
		{1305F44B-4883-47DA-AFE6-A09FDAA0E01B}.Release|Any CPU.ActiveCfg = Release|Any CPU
		{1305F44B-4883-47DA-AFE6-A09FDAA0E01B}.Release|Any CPU.Build.0 = Release|Any CPU
		{F987BE7C-A917-4147-B1B4-3DFB3E70EAFF}.Debug|Any CPU.ActiveCfg = Debug|Any CPU
		{F987BE7C-A917-4147-B1B4-3DFB3E70EAFF}.Debug|Any CPU.Build.0 = Debug|Any CPU
		{F987BE7C-A917-4147-B1B4-3DFB3E70EAFF}.Release|Any CPU.ActiveCfg = Release|Any CPU
		{F987BE7C-A917-4147-B1B4-3DFB3E70EAFF}.Release|Any CPU.Build.0 = Release|Any CPU
		{DA7FA7C0-4C86-44F2-93E9-951A7C142FE2}.Debug|Any CPU.ActiveCfg = Debug|Any CPU
		{DA7FA7C0-4C86-44F2-93E9-951A7C142FE2}.Debug|Any CPU.Build.0 = Debug|Any CPU
		{DA7FA7C0-4C86-44F2-93E9-951A7C142FE2}.Release|Any CPU.ActiveCfg = Release|Any CPU
		{DA7FA7C0-4C86-44F2-93E9-951A7C142FE2}.Release|Any CPU.Build.0 = Release|Any CPU
	EndGlobalSection
	GlobalSection(SolutionProperties) = preSolution
		HideSolutionNode = FALSE
	EndGlobalSection
	GlobalSection(NestedProjects) = preSolution
		{4CE1F082-9324-442E-932E-772303C57FE4} = {23D59846-8E32-4353-9025-58191F190820}
		{23D59846-8E32-4353-9025-58191F190820} = {909C2A06-43D7-4A6F-83D9-4D4532CD892F}
		{2CB3E02D-A030-46B7-B8C0-15979B31CF8C} = {909C2A06-43D7-4A6F-83D9-4D4532CD892F}
		{46F628A3-12B3-4F79-B66D-00035F53F6F7} = {909C2A06-43D7-4A6F-83D9-4D4532CD892F}
		{28EEDD46-3112-4877-869D-0B0AE4F731A4} = {46F628A3-12B3-4F79-B66D-00035F53F6F7}
		{D4D466A3-D96F-40B1-B2FB-683C25748B4C} = {46F628A3-12B3-4F79-B66D-00035F53F6F7}
		{9D2BBB0D-9B1A-4358-B433-88B0A43F7AB3} = {46F628A3-12B3-4F79-B66D-00035F53F6F7}
		{A29DD224-783E-4250-A6A0-712AD1FCD2FA} = {46F628A3-12B3-4F79-B66D-00035F53F6F7}
		{9CB0F748-DA16-4544-8C09-8DA89DC1BB98} = {2CB3E02D-A030-46B7-B8C0-15979B31CF8C}
		{EB540B84-D42A-429A-B488-D61E6CBFEDB5} = {909C2A06-43D7-4A6F-83D9-4D4532CD892F}
		{1013772D-85C3-4695-9F7A-D4BB8A87DE68} = {909C2A06-43D7-4A6F-83D9-4D4532CD892F}
		{1305F44B-4883-47DA-AFE6-A09FDAA0E01B} = {1013772D-85C3-4695-9F7A-D4BB8A87DE68}
		{246A0A08-DC82-4CD3-8E37-287C99865637} = {909C2A06-43D7-4A6F-83D9-4D4532CD892F}
		{F987BE7C-A917-4147-B1B4-3DFB3E70EAFF} = {246A0A08-DC82-4CD3-8E37-287C99865637}
		{DA7FA7C0-4C86-44F2-93E9-951A7C142FE2} = {EB540B84-D42A-429A-B488-D61E6CBFEDB5}
	EndGlobalSection
	GlobalSection(ExtensibilityGlobals) = postSolution
		SolutionGuid = {CB1D67AE-A725-441B-B44A-0A4CDA4B896D}
	EndGlobalSection
EndGlobal
